// !$*UTF8*$!
{
	archiveVersion = 1;
	classes = {
	};
	objectVersion = 50;
	objects = {

/* Begin PBXBuildFile section */
		367AC23B211C7E1C0027C6FD /* AppDelegate.swift in Sources */ = {isa = PBXBuildFile; fileRef = 367AC23A211C7E1C0027C6FD /* AppDelegate.swift */; };
		367AC23D211C7E1C0027C6FD /* ViewController.swift in Sources */ = {isa = PBXBuildFile; fileRef = 367AC23C211C7E1C0027C6FD /* ViewController.swift */; };
		367AC240211C7E1C0027C6FD /* Main.storyboard in Resources */ = {isa = PBXBuildFile; fileRef = 367AC23E211C7E1C0027C6FD /* Main.storyboard */; };
		367AC242211C7E200027C6FD /* Assets.xcassets in Resources */ = {isa = PBXBuildFile; fileRef = 367AC241211C7E200027C6FD /* Assets.xcassets */; };
		367AC245211C7E200027C6FD /* LaunchScreen.storyboard in Resources */ = {isa = PBXBuildFile; fileRef = 367AC243211C7E200027C6FD /* LaunchScreen.storyboard */; };
		367AC24D211C81490027C6FD /* LocationManager.swift in Sources */ = {isa = PBXBuildFile; fileRef = 367AC24C211C81490027C6FD /* LocationManager.swift */; };
		367AC24F211C8E880027C6FD /* MapViewController.swift in Sources */ = {isa = PBXBuildFile; fileRef = 367AC24E211C8E880027C6FD /* MapViewController.swift */; };
		367AC251211C916E0027C6FD /* LocationUpdate.swift in Sources */ = {isa = PBXBuildFile; fileRef = 367AC250211C916E0027C6FD /* LocationUpdate.swift */; };
		367AC253211C9B700027C6FD /* Recorder.swift in Sources */ = {isa = PBXBuildFile; fileRef = 367AC252211C9B700027C6FD /* Recorder.swift */; };
		367AC255211CAEF40027C6FD /* LocationAnnotation.swift in Sources */ = {isa = PBXBuildFile; fileRef = 367AC254211CAEF40027C6FD /* LocationAnnotation.swift */; };
/* End PBXBuildFile section */

/* Begin PBXFileReference section */
		367AC237211C7E1C0027C6FD /* GPS Precission Test.app */ = {isa = PBXFileReference; explicitFileType = wrapper.application; includeInIndex = 0; path = "GPS Precission Test.app"; sourceTree = BUILT_PRODUCTS_DIR; };
		367AC23A211C7E1C0027C6FD /* AppDelegate.swift */ = {isa = PBXFileReference; lastKnownFileType = sourcecode.swift; path = AppDelegate.swift; sourceTree = "<group>"; };
		367AC23C211C7E1C0027C6FD /* ViewController.swift */ = {isa = PBXFileReference; lastKnownFileType = sourcecode.swift; path = ViewController.swift; sourceTree = "<group>"; };
		367AC23F211C7E1C0027C6FD /* Base */ = {isa = PBXFileReference; lastKnownFileType = file.storyboard; name = Base; path = Base.lproj/Main.storyboard; sourceTree = "<group>"; };
		367AC241211C7E200027C6FD /* Assets.xcassets */ = {isa = PBXFileReference; lastKnownFileType = folder.assetcatalog; path = Assets.xcassets; sourceTree = "<group>"; };
		367AC244211C7E200027C6FD /* Base */ = {isa = PBXFileReference; lastKnownFileType = file.storyboard; name = Base; path = Base.lproj/LaunchScreen.storyboard; sourceTree = "<group>"; };
		367AC246211C7E200027C6FD /* Info.plist */ = {isa = PBXFileReference; lastKnownFileType = text.plist.xml; path = Info.plist; sourceTree = "<group>"; };
		367AC24C211C81490027C6FD /* LocationManager.swift */ = {isa = PBXFileReference; lastKnownFileType = sourcecode.swift; path = LocationManager.swift; sourceTree = "<group>"; };
		367AC24E211C8E880027C6FD /* MapViewController.swift */ = {isa = PBXFileReference; lastKnownFileType = sourcecode.swift; path = MapViewController.swift; sourceTree = "<group>"; };
		367AC250211C916E0027C6FD /* LocationUpdate.swift */ = {isa = PBXFileReference; lastKnownFileType = sourcecode.swift; path = LocationUpdate.swift; sourceTree = "<group>"; };
		367AC252211C9B700027C6FD /* Recorder.swift */ = {isa = PBXFileReference; lastKnownFileType = sourcecode.swift; path = Recorder.swift; sourceTree = "<group>"; };
		367AC254211CAEF40027C6FD /* LocationAnnotation.swift */ = {isa = PBXFileReference; lastKnownFileType = sourcecode.swift; path = LocationAnnotation.swift; sourceTree = "<group>"; };
/* End PBXFileReference section */

/* Begin PBXFrameworksBuildPhase section */
		367AC234211C7E1C0027C6FD /* Frameworks */ = {
			isa = PBXFrameworksBuildPhase;
			buildActionMask = 2147483647;
			files = (
			);
			runOnlyForDeploymentPostprocessing = 0;
		};
/* End PBXFrameworksBuildPhase section */

/* Begin PBXGroup section */
		367AC22E211C7E1C0027C6FD = {
			isa = PBXGroup;
			children = (
				367AC239211C7E1C0027C6FD /* GPS Precission Test */,
				367AC238211C7E1C0027C6FD /* Products */,
			);
			sourceTree = "<group>";
		};
		367AC238211C7E1C0027C6FD /* Products */ = {
			isa = PBXGroup;
			children = (
				367AC237211C7E1C0027C6FD /* GPS Precission Test.app */,
			);
			name = Products;
			sourceTree = "<group>";
		};
		367AC239211C7E1C0027C6FD /* GPS Precission Test */ = {
			isa = PBXGroup;
			children = (
				367AC23A211C7E1C0027C6FD /* AppDelegate.swift */,
				367AC23C211C7E1C0027C6FD /* ViewController.swift */,
				367AC23E211C7E1C0027C6FD /* Main.storyboard */,
				367AC241211C7E200027C6FD /* Assets.xcassets */,
				367AC243211C7E200027C6FD /* LaunchScreen.storyboard */,
				367AC246211C7E200027C6FD /* Info.plist */,
				367AC24C211C81490027C6FD /* LocationManager.swift */,
				367AC24E211C8E880027C6FD /* MapViewController.swift */,
				367AC250211C916E0027C6FD /* LocationUpdate.swift */,
				367AC252211C9B700027C6FD /* Recorder.swift */,
				367AC254211CAEF40027C6FD /* LocationAnnotation.swift */,
			);
			path = "GPS Precission Test";
			sourceTree = "<group>";
		};
/* End PBXGroup section */

/* Begin PBXNativeTarget section */
		367AC236211C7E1C0027C6FD /* GPS Precission Test */ = {
			isa = PBXNativeTarget;
			buildConfigurationList = 367AC249211C7E200027C6FD /* Build configuration list for PBXNativeTarget "GPS Precission Test" */;
			buildPhases = (
				367AC233211C7E1C0027C6FD /* Sources */,
				367AC234211C7E1C0027C6FD /* Frameworks */,
				367AC235211C7E1C0027C6FD /* Resources */,
			);
			buildRules = (
			);
			dependencies = (
			);
			name = "GPS Precission Test";
			productName = "GPS Precission Test";
			productReference = 367AC237211C7E1C0027C6FD /* GPS Precission Test.app */;
			productType = "com.apple.product-type.application";
		};
/* End PBXNativeTarget section */

/* Begin PBXProject section */
		367AC22F211C7E1C0027C6FD /* Project object */ = {
			isa = PBXProject;
			attributes = {
				LastSwiftUpdateCheck = 0940;
				LastUpgradeCheck = 0940;
				ORGANIZATIONNAME = "Pablo Yaniero";
				TargetAttributes = {
					367AC236211C7E1C0027C6FD = {
						CreatedOnToolsVersion = 9.4.1;
						SystemCapabilities = {
							com.apple.BackgroundModes = {
								enabled = 1;
							};
						};
					};
				};
			};
			buildConfigurationList = 367AC232211C7E1C0027C6FD /* Build configuration list for PBXProject "GPS Precission Test" */;
			compatibilityVersion = "Xcode 9.3";
			developmentRegion = en;
			hasScannedForEncodings = 0;
			knownRegions = (
				en,
				Base,
			);
			mainGroup = 367AC22E211C7E1C0027C6FD;
			productRefGroup = 367AC238211C7E1C0027C6FD /* Products */;
			projectDirPath = "";
			projectRoot = "";
			targets = (
				367AC236211C7E1C0027C6FD /* GPS Precission Test */,
			);
		};
/* End PBXProject section */

/* Begin PBXResourcesBuildPhase section */
		367AC235211C7E1C0027C6FD /* Resources */ = {
			isa = PBXResourcesBuildPhase;
			buildActionMask = 2147483647;
			files = (
				367AC245211C7E200027C6FD /* LaunchScreen.storyboard in Resources */,
				367AC242211C7E200027C6FD /* Assets.xcassets in Resources */,
				367AC240211C7E1C0027C6FD /* Main.storyboard in Resources */,
			);
			runOnlyForDeploymentPostprocessing = 0;
		};
/* End PBXResourcesBuildPhase section */

/* Begin PBXSourcesBuildPhase section */
		367AC233211C7E1C0027C6FD /* Sources */ = {
			isa = PBXSourcesBuildPhase;
			buildActionMask = 2147483647;
			files = (
				367AC23D211C7E1C0027C6FD /* ViewController.swift in Sources */,
				367AC23B211C7E1C0027C6FD /* AppDelegate.swift in Sources */,
				367AC24D211C81490027C6FD /* LocationManager.swift in Sources */,
				367AC253211C9B700027C6FD /* Recorder.swift in Sources */,
				367AC255211CAEF40027C6FD /* LocationAnnotation.swift in Sources */,
				367AC251211C916E0027C6FD /* LocationUpdate.swift in Sources */,
				367AC24F211C8E880027C6FD /* MapViewController.swift in Sources */,
			);
			runOnlyForDeploymentPostprocessing = 0;
		};
/* End PBXSourcesBuildPhase section */

/* Begin PBXVariantGroup section */
		367AC23E211C7E1C0027C6FD /* Main.storyboard */ = {
			isa = PBXVariantGroup;
			children = (
				367AC23F211C7E1C0027C6FD /* Base */,
			);
			name = Main.storyboard;
			sourceTree = "<group>";
		};
		367AC243211C7E200027C6FD /* LaunchScreen.storyboard */ = {
			isa = PBXVariantGroup;
			children = (
				367AC244211C7E200027C6FD /* Base */,
			);
			name = LaunchScreen.storyboard;
			sourceTree = "<group>";
		};
/* End PBXVariantGroup section */

/* Begin XCBuildConfiguration section */
		367AC247211C7E200027C6FD /* Debug */ = {
			isa = XCBuildConfiguration;
			buildSettings = {
				ALWAYS_SEARCH_USER_PATHS = NO;
				CLANG_ANALYZER_NONNULL = YES;
				CLANG_ANALYZER_NUMBER_OBJECT_CONVERSION = YES_AGGRESSIVE;
				CLANG_CXX_LANGUAGE_STANDARD = "gnu++14";
				CLANG_CXX_LIBRARY = "libc++";
				CLANG_ENABLE_MODULES = YES;
				CLANG_ENABLE_OBJC_ARC = YES;
				CLANG_ENABLE_OBJC_WEAK = YES;
				CLANG_WARN_BLOCK_CAPTURE_AUTORELEASING = YES;
				CLANG_WARN_BOOL_CONVERSION = YES;
				CLANG_WARN_COMMA = YES;
				CLANG_WARN_CONSTANT_CONVERSION = YES;
				CLANG_WARN_DEPRECATED_OBJC_IMPLEMENTATIONS = YES;
				CLANG_WARN_DIRECT_OBJC_ISA_USAGE = YES_ERROR;
				CLANG_WARN_DOCUMENTATION_COMMENTS = YES;
				CLANG_WARN_EMPTY_BODY = YES;
				CLANG_WARN_ENUM_CONVERSION = YES;
				CLANG_WARN_INFINITE_RECURSION = YES;
				CLANG_WARN_INT_CONVERSION = YES;
				CLANG_WARN_NON_LITERAL_NULL_CONVERSION = YES;
				CLANG_WARN_OBJC_IMPLICIT_RETAIN_SELF = YES;
				CLANG_WARN_OBJC_LITERAL_CONVERSION = YES;
				CLANG_WARN_OBJC_ROOT_CLASS = YES_ERROR;
				CLANG_WARN_RANGE_LOOP_ANALYSIS = YES;
				CLANG_WARN_STRICT_PROTOTYPES = YES;
				CLANG_WARN_SUSPICIOUS_MOVE = YES;
				CLANG_WARN_UNGUARDED_AVAILABILITY = YES_AGGRESSIVE;
				CLANG_WARN_UNREACHABLE_CODE = YES;
				CLANG_WARN__DUPLICATE_METHOD_MATCH = YES;
				CODE_SIGN_IDENTITY = "iPhone Developer";
				COPY_PHASE_STRIP = NO;
				DEBUG_INFORMATION_FORMAT = dwarf;
				ENABLE_STRICT_OBJC_MSGSEND = YES;
				ENABLE_TESTABILITY = YES;
				GCC_C_LANGUAGE_STANDARD = gnu11;
				GCC_DYNAMIC_NO_PIC = NO;
				GCC_NO_COMMON_BLOCKS = YES;
				GCC_OPTIMIZATION_LEVEL = 0;
				GCC_PREPROCESSOR_DEFINITIONS = (
					"DEBUG=1",
					"$(inherited)",
				);
				GCC_WARN_64_TO_32_BIT_CONVERSION = YES;
				GCC_WARN_ABOUT_RETURN_TYPE = YES_ERROR;
				GCC_WARN_UNDECLARED_SELECTOR = YES;
				GCC_WARN_UNINITIALIZED_AUTOS = YES_AGGRESSIVE;
				GCC_WARN_UNUSED_FUNCTION = YES;
				GCC_WARN_UNUSED_VARIABLE = YES;
				IPHONEOS_DEPLOYMENT_TARGET = 11.4;
				MTL_ENABLE_DEBUG_INFO = YES;
				ONLY_ACTIVE_ARCH = YES;
				SDKROOT = iphoneos;
				SWIFT_ACTIVE_COMPILATION_CONDITIONS = DEBUG;
				SWIFT_OPTIMIZATION_LEVEL = "-Onone";
			};
			name = Debug;
		};
		367AC248211C7E200027C6FD /* Release */ = {
			isa = XCBuildConfiguration;
			buildSettings = {
				ALWAYS_SEARCH_USER_PATHS = NO;
				CLANG_ANALYZER_NONNULL = YES;
				CLANG_ANALYZER_NUMBER_OBJECT_CONVERSION = YES_AGGRESSIVE;
				CLANG_CXX_LANGUAGE_STANDARD = "gnu++14";
				CLANG_CXX_LIBRARY = "libc++";
				CLANG_ENABLE_MODULES = YES;
				CLANG_ENABLE_OBJC_ARC = YES;
				CLANG_ENABLE_OBJC_WEAK = YES;
				CLANG_WARN_BLOCK_CAPTURE_AUTORELEASING = YES;
				CLANG_WARN_BOOL_CONVERSION = YES;
				CLANG_WARN_COMMA = YES;
				CLANG_WARN_CONSTANT_CONVERSION = YES;
				CLANG_WARN_DEPRECATED_OBJC_IMPLEMENTATIONS = YES;
				CLANG_WARN_DIRECT_OBJC_ISA_USAGE = YES_ERROR;
				CLANG_WARN_DOCUMENTATION_COMMENTS = YES;
				CLANG_WARN_EMPTY_BODY = YES;
				CLANG_WARN_ENUM_CONVERSION = YES;
				CLANG_WARN_INFINITE_RECURSION = YES;
				CLANG_WARN_INT_CONVERSION = YES;
				CLANG_WARN_NON_LITERAL_NULL_CONVERSION = YES;
				CLANG_WARN_OBJC_IMPLICIT_RETAIN_SELF = YES;
				CLANG_WARN_OBJC_LITERAL_CONVERSION = YES;
				CLANG_WARN_OBJC_ROOT_CLASS = YES_ERROR;
				CLANG_WARN_RANGE_LOOP_ANALYSIS = YES;
				CLANG_WARN_STRICT_PROTOTYPES = YES;
				CLANG_WARN_SUSPICIOUS_MOVE = YES;
				CLANG_WARN_UNGUARDED_AVAILABILITY = YES_AGGRESSIVE;
				CLANG_WARN_UNREACHABLE_CODE = YES;
				CLANG_WARN__DUPLICATE_METHOD_MATCH = YES;
				CODE_SIGN_IDENTITY = "iPhone Developer";
				COPY_PHASE_STRIP = NO;
				DEBUG_INFORMATION_FORMAT = "dwarf-with-dsym";
				ENABLE_NS_ASSERTIONS = NO;
				ENABLE_STRICT_OBJC_MSGSEND = YES;
				GCC_C_LANGUAGE_STANDARD = gnu11;
				GCC_NO_COMMON_BLOCKS = YES;
				GCC_WARN_64_TO_32_BIT_CONVERSION = YES;
				GCC_WARN_ABOUT_RETURN_TYPE = YES_ERROR;
				GCC_WARN_UNDECLARED_SELECTOR = YES;
				GCC_WARN_UNINITIALIZED_AUTOS = YES_AGGRESSIVE;
				GCC_WARN_UNUSED_FUNCTION = YES;
				GCC_WARN_UNUSED_VARIABLE = YES;
				IPHONEOS_DEPLOYMENT_TARGET = 11.4;
				MTL_ENABLE_DEBUG_INFO = NO;
				SDKROOT = iphoneos;
				SWIFT_COMPILATION_MODE = wholemodule;
				SWIFT_OPTIMIZATION_LEVEL = "-O";
				VALIDATE_PRODUCT = YES;
			};
			name = Release;
		};
		367AC24A211C7E200027C6FD /* Debug */ = {
			isa = XCBuildConfiguration;
			buildSettings = {
				ASSETCATALOG_COMPILER_APPICON_NAME = AppIcon;
				CODE_SIGN_STYLE = Automatic;
				DEVELOPMENT_TEAM = L5AK6RAGGV;
				INFOPLIST_FILE = "GPS Precission Test/Info.plist";
				LD_RUNPATH_SEARCH_PATHS = (
					"$(inherited)",
					"@executable_path/Frameworks",
				);
				PRODUCT_BUNDLE_IDENTIFIER = "com.thef.GPS-Precission-Test";
				PRODUCT_NAME = "$(TARGET_NAME)";
				SWIFT_VERSION = 4.0;
				TARGETED_DEVICE_FAMILY = "1,2";
			};
			name = Debug;
		};
		367AC24B211C7E200027C6FD /* Release */ = {
			isa = XCBuildConfiguration;
			buildSettings = {
				ASSETCATALOG_COMPILER_APPICON_NAME = AppIcon;
				CODE_SIGN_STYLE = Automatic;
				DEVELOPMENT_TEAM = L5AK6RAGGV;
				INFOPLIST_FILE = "GPS Precission Test/Info.plist";
				LD_RUNPATH_SEARCH_PATHS = (
					"$(inherited)",
					"@executable_path/Frameworks",
				);
				PRODUCT_BUNDLE_IDENTIFIER = "com.thef.GPS-Precission-Test";
				PRODUCT_NAME = "$(TARGET_NAME)";
				SWIFT_VERSION = 4.0;
				TARGETED_DEVICE_FAMILY = "1,2";
			};
			name = Release;
		};
/* End XCBuildConfiguration section */

/* Begin XCConfigurationList section */
		367AC232211C7E1C0027C6FD /* Build configuration list for PBXProject "GPS Precission Test" */ = {
			isa = XCConfigurationList;
			buildConfigurations = (
				367AC247211C7E200027C6FD /* Debug */,
				367AC248211C7E200027C6FD /* Release */,
			);
			defaultConfigurationIsVisible = 0;
			defaultConfigurationName = Release;
		};
		367AC249211C7E200027C6FD /* Build configuration list for PBXNativeTarget "GPS Precission Test" */ = {
			isa = XCConfigurationList;
			buildConfigurations = (
				367AC24A211C7E200027C6FD /* Debug */,
				367AC24B211C7E200027C6FD /* Release */,
			);
			defaultConfigurationIsVisible = 0;
			defaultConfigurationName = Release;
		};
/* End XCConfigurationList section */
	};
	rootObject = 367AC22F211C7E1C0027C6FD /* Project object */;
}
